
Microsoft Visual Studio Solution File, Format Version 12.00
# Visual Studio Version 17
VisualStudioVersion = 17.12.35527.113
MinimumVisualStudioVersion = 10.0.40219.1
Project("{2150E333-8FDC-42A3-9474-1A3956D46DE8}") = "src", "src", "{B4D18896-1FFB-4D88-8004-0BCBBD8EC13E}"
EndProject
Project("{2150E333-8FDC-42A3-9474-1A3956D46DE8}") = "test", "test", "{6E0D9470-C091-4996-962F-1DB809486048}"
EndProject
Project("{FAE04EC0-301F-11D3-BF4B-00C04F79EFBC}") = "Bookify.Domain", "src\Bookify.Domain\Bookify.Domain.csproj", "{2F8BC3FB-8B16-4BC9-9D17-1A440C50E4C9}"
EndProject
Project("{FAE04EC0-301F-11D3-BF4B-00C04F79EFBC}") = "Bookify.Application", "src\Bookify.Application\Bookify.Application.csproj", "{783F5AF2-A11A-47DC-8FF0-AD5178E32C92}"
EndProject
Project("{FAE04EC0-301F-11D3-BF4B-00C04F79EFBC}") = "Bookify.Infrastructure", "src\Bookify.Infrastructure\Bookify.Infrastructure.csproj", "{5B46442D-2A66-44ED-9A73-47872AC32EE2}"
EndProject
Project("{FAE04EC0-301F-11D3-BF4B-00C04F79EFBC}") = "Bookify.Api", "src\Bookify.Api\Bookify.Api.csproj", "{FCD45893-DCF6-4E07-B9B1-94B1C65EAECE}"
EndProject
Project("{E53339B2-1760-4266-BCC7-CA923CBCF16C}") = "docker-compose", "docker-compose.dcproj", "{BB001FA4-295A-439A-A827-1359DE0AC188}"
EndProject
Project("{FAE04EC0-301F-11D3-BF4B-00C04F79EFBC}") = "Bookify.Domain.UnitTests", "test\Bookify.Domain.UnitTests\Bookify.Domain.UnitTests.csproj", "{AEC2D9B4-4CD3-46FC-8C6B-10FD6286AA6A}"
EndProject
Project("{FAE04EC0-301F-11D3-BF4B-00C04F79EFBC}") = "Bookify.Application.UnitTests", "test\Bookify.Application.UnitTests\Bookify.Application.UnitTests.csproj", "{104953B6-7511-4DC2-9365-0EC404F57A68}"
EndProject
Project("{FAE04EC0-301F-11D3-BF4B-00C04F79EFBC}") = "Bookify.Application.IntegrationTests", "test\Bookify.Application.IntegrationTests\Bookify.Application.IntegrationTests.csproj", "{5E2513E5-D9C9-4025-B59C-BEE97FBF7331}"
EndProject
Global
	GlobalSection(SolutionConfigurationPlatforms) = preSolution
		Debug|Any CPU = Debug|Any CPU
		Release|Any CPU = Release|Any CPU
	EndGlobalSection
	GlobalSection(ProjectConfigurationPlatforms) = postSolution
		{2F8BC3FB-8B16-4BC9-9D17-1A440C50E4C9}.Debug|Any CPU.ActiveCfg = Debug|Any CPU
		{2F8BC3FB-8B16-4BC9-9D17-1A440C50E4C9}.Debug|Any CPU.Build.0 = Debug|Any CPU
		{2F8BC3FB-8B16-4BC9-9D17-1A440C50E4C9}.Release|Any CPU.ActiveCfg = Release|Any CPU
		{2F8BC3FB-8B16-4BC9-9D17-1A440C50E4C9}.Release|Any CPU.Build.0 = Release|Any CPU
		{783F5AF2-A11A-47DC-8FF0-AD5178E32C92}.Debug|Any CPU.ActiveCfg = Debug|Any CPU
		{783F5AF2-A11A-47DC-8FF0-AD5178E32C92}.Debug|Any CPU.Build.0 = Debug|Any CPU
		{783F5AF2-A11A-47DC-8FF0-AD5178E32C92}.Release|Any CPU.ActiveCfg = Release|Any CPU
		{783F5AF2-A11A-47DC-8FF0-AD5178E32C92}.Release|Any CPU.Build.0 = Release|Any CPU
		{5B46442D-2A66-44ED-9A73-47872AC32EE2}.Debug|Any CPU.ActiveCfg = Debug|Any CPU
		{5B46442D-2A66-44ED-9A73-47872AC32EE2}.Debug|Any CPU.Build.0 = Debug|Any CPU
		{5B46442D-2A66-44ED-9A73-47872AC32EE2}.Release|Any CPU.ActiveCfg = Release|Any CPU
		{5B46442D-2A66-44ED-9A73-47872AC32EE2}.Release|Any CPU.Build.0 = Release|Any CPU
		{FCD45893-DCF6-4E07-B9B1-94B1C65EAECE}.Debug|Any CPU.ActiveCfg = Debug|Any CPU
		{FCD45893-DCF6-4E07-B9B1-94B1C65EAECE}.Debug|Any CPU.Build.0 = Debug|Any CPU
		{FCD45893-DCF6-4E07-B9B1-94B1C65EAECE}.Release|Any CPU.ActiveCfg = Release|Any CPU
		{FCD45893-DCF6-4E07-B9B1-94B1C65EAECE}.Release|Any CPU.Build.0 = Release|Any CPU
		{BB001FA4-295A-439A-A827-1359DE0AC188}.Debug|Any CPU.ActiveCfg = Debug|Any CPU
		{BB001FA4-295A-439A-A827-1359DE0AC188}.Debug|Any CPU.Build.0 = Debug|Any CPU
		{BB001FA4-295A-439A-A827-1359DE0AC188}.Release|Any CPU.ActiveCfg = Release|Any CPU
		{BB001FA4-295A-439A-A827-1359DE0AC188}.Release|Any CPU.Build.0 = Release|Any CPU
		{AEC2D9B4-4CD3-46FC-8C6B-10FD6286AA6A}.Debug|Any CPU.ActiveCfg = Debug|Any CPU
		{AEC2D9B4-4CD3-46FC-8C6B-10FD6286AA6A}.Debug|Any CPU.Build.0 = Debug|Any CPU
		{AEC2D9B4-4CD3-46FC-8C6B-10FD6286AA6A}.Release|Any CPU.ActiveCfg = Release|Any CPU
		{AEC2D9B4-4CD3-46FC-8C6B-10FD6286AA6A}.Release|Any CPU.Build.0 = Release|Any CPU
		{104953B6-7511-4DC2-9365-0EC404F57A68}.Debug|Any CPU.ActiveCfg = Debug|Any CPU
		{104953B6-7511-4DC2-9365-0EC404F57A68}.Debug|Any CPU.Build.0 = Debug|Any CPU
		{104953B6-7511-4DC2-9365-0EC404F57A68}.Release|Any CPU.ActiveCfg = Release|Any CPU
		{104953B6-7511-4DC2-9365-0EC404F57A68}.Release|Any CPU.Build.0 = Release|Any CPU
		{5E2513E5-D9C9-4025-B59C-BEE97FBF7331}.Debug|Any CPU.ActiveCfg = Debug|Any CPU
		{5E2513E5-D9C9-4025-B59C-BEE97FBF7331}.Debug|Any CPU.Build.0 = Debug|Any CPU
		{5E2513E5-D9C9-4025-B59C-BEE97FBF7331}.Release|Any CPU.ActiveCfg = Release|Any CPU
		{5E2513E5-D9C9-4025-B59C-BEE97FBF7331}.Release|Any CPU.Build.0 = Release|Any CPU
	EndGlobalSection
	GlobalSection(SolutionProperties) = preSolution
		HideSolutionNode = FALSE
	EndGlobalSection
	GlobalSection(NestedProjects) = preSolution
		{2F8BC3FB-8B16-4BC9-9D17-1A440C50E4C9} = {B4D18896-1FFB-4D88-8004-0BCBBD8EC13E}
		{783F5AF2-A11A-47DC-8FF0-AD5178E32C92} = {B4D18896-1FFB-4D88-8004-0BCBBD8EC13E}
		{5B46442D-2A66-44ED-9A73-47872AC32EE2} = {B4D18896-1FFB-4D88-8004-0BCBBD8EC13E}
		{FCD45893-DCF6-4E07-B9B1-94B1C65EAECE} = {B4D18896-1FFB-4D88-8004-0BCBBD8EC13E}
		{AEC2D9B4-4CD3-46FC-8C6B-10FD6286AA6A} = {6E0D9470-C091-4996-962F-1DB809486048}
		{104953B6-7511-4DC2-9365-0EC404F57A68} = {6E0D9470-C091-4996-962F-1DB809486048}
		{5E2513E5-D9C9-4025-B59C-BEE97FBF7331} = {6E0D9470-C091-4996-962F-1DB809486048}
	EndGlobalSection
	GlobalSection(ExtensibilityGlobals) = postSolution
		SolutionGuid = {E53E6EFF-BBD2-46DA-B845-A65530386AE6}
	EndGlobalSection
EndGlobal
